
Microsoft Visual Studio Solution File, Format Version 12.00
# Visual Studio Version 17
VisualStudioVersion = 17.5.33424.131
MinimumVisualStudioVersion = 10.0.40219.1
Project("{8BC9CEB8-8B4A-11D0-8D11-00A0C91BC942}") = "fal_2.2", "fal_2.2.vcxproj", "{BD027701-B5ED-47F0-8DE2-816AF3C30FD2}"
EndProject
Global
	GlobalSection(SolutionConfigurationPlatforms) = preSolution
		Debug|x64 = Debug|x64
		Debug|x86 = Debug|x86
		Release|x64 = Release|x64
		Release|x86 = Release|x86
	EndGlobalSection
	GlobalSection(ProjectConfigurationPlatforms) = postSolution
		{BD027701-B5ED-47F0-8DE2-816AF3C30FD2}.Debug|x64.ActiveCfg = Debug|x64
		{BD027701-B5ED-47F0-8DE2-816AF3C30FD2}.Debug|x64.Build.0 = Debug|x64
		{BD027701-B5ED-47F0-8DE2-816AF3C30FD2}.Debug|x86.ActiveCfg = Debug|Win32
		{BD027701-B5ED-47F0-8DE2-816AF3C30FD2}.Debug|x86.Build.0 = Debug|Win32
		{BD027701-B5ED-47F0-8DE2-816AF3C30FD2}.Release|x64.ActiveCfg = Release|x64
		{BD027701-B5ED-47F0-8DE2-816AF3C30FD2}.Release|x64.Build.0 = Release|x64
		{BD027701-B5ED-47F0-8DE2-816AF3C30FD2}.Release|x86.ActiveCfg = Release|Win32
		{BD027701-B5ED-47F0-8DE2-816AF3C30FD2}.Release|x86.Build.0 = Release|Win32
	EndGlobalSection
	GlobalSection(SolutionProperties) = preSolution
		HideSolutionNode = FALSE
	EndGlobalSection
	GlobalSection(ExtensibilityGlobals) = postSolution
		SolutionGuid = {B06B7A03-74B4-4758-8740-E22E5D1C1A19}
	EndGlobalSection
EndGlobal
