
Microsoft Visual Studio Solution File, Format Version 12.00
# Visual Studio Version 17
VisualStudioVersion = 17.5.33424.131
MinimumVisualStudioVersion = 10.0.40219.1
Project("{8BC9CEB8-8B4A-11D0-8D11-00A0C91BC942}") = "fal_2.1", "fal_2.1.vcxproj", "{1DC71E74-A02B-461F-ABC8-3F0AA34F1A0C}"
EndProject
Global
	GlobalSection(SolutionConfigurationPlatforms) = preSolution
		Debug|x64 = Debug|x64
		Debug|x86 = Debug|x86
		Release|x64 = Release|x64
		Release|x86 = Release|x86
	EndGlobalSection
	GlobalSection(ProjectConfigurationPlatforms) = postSolution
		{1DC71E74-A02B-461F-ABC8-3F0AA34F1A0C}.Debug|x64.ActiveCfg = Debug|x64
		{1DC71E74-A02B-461F-ABC8-3F0AA34F1A0C}.Debug|x64.Build.0 = Debug|x64
		{1DC71E74-A02B-461F-ABC8-3F0AA34F1A0C}.Debug|x86.ActiveCfg = Debug|Win32
		{1DC71E74-A02B-461F-ABC8-3F0AA34F1A0C}.Debug|x86.Build.0 = Debug|Win32
		{1DC71E74-A02B-461F-ABC8-3F0AA34F1A0C}.Release|x64.ActiveCfg = Release|x64
		{1DC71E74-A02B-461F-ABC8-3F0AA34F1A0C}.Release|x64.Build.0 = Release|x64
		{1DC71E74-A02B-461F-ABC8-3F0AA34F1A0C}.Release|x86.ActiveCfg = Release|Win32
		{1DC71E74-A02B-461F-ABC8-3F0AA34F1A0C}.Release|x86.Build.0 = Release|Win32
	EndGlobalSection
	GlobalSection(SolutionProperties) = preSolution
		HideSolutionNode = FALSE
	EndGlobalSection
	GlobalSection(ExtensibilityGlobals) = postSolution
		SolutionGuid = {889D4BE6-C123-4853-9F55-415830E68537}
	EndGlobalSection
EndGlobal
