
Microsoft Visual Studio Solution File, Format Version 12.00
# Visual Studio Version 17
VisualStudioVersion = 17.14.36518.9 d17.14
MinimumVisualStudioVersion = 10.0.40219.1
Project("{8BC9CEB8-8B4A-11D0-8D11-00A0C91BC942}") = "fal_ord_26_3_va", "fal_ord_26_3_va.vcxproj", "{E9E31017-AF77-4D6E-AA18-E730E5EC643B}"
EndProject
Global
	GlobalSection(SolutionConfigurationPlatforms) = preSolution
		Debug|x64 = Debug|x64
		Debug|x86 = Debug|x86
		Release|x64 = Release|x64
		Release|x86 = Release|x86
	EndGlobalSection
	GlobalSection(ProjectConfigurationPlatforms) = postSolution
		{E9E31017-AF77-4D6E-AA18-E730E5EC643B}.Debug|x64.ActiveCfg = Debug|x64
		{E9E31017-AF77-4D6E-AA18-E730E5EC643B}.Debug|x64.Build.0 = Debug|x64
		{E9E31017-AF77-4D6E-AA18-E730E5EC643B}.Debug|x86.ActiveCfg = Debug|Win32
		{E9E31017-AF77-4D6E-AA18-E730E5EC643B}.Debug|x86.Build.0 = Debug|Win32
		{E9E31017-AF77-4D6E-AA18-E730E5EC643B}.Release|x64.ActiveCfg = Release|x64
		{E9E31017-AF77-4D6E-AA18-E730E5EC643B}.Release|x64.Build.0 = Release|x64
		{E9E31017-AF77-4D6E-AA18-E730E5EC643B}.Release|x86.ActiveCfg = Release|Win32
		{E9E31017-AF77-4D6E-AA18-E730E5EC643B}.Release|x86.Build.0 = Release|Win32
	EndGlobalSection
	GlobalSection(SolutionProperties) = preSolution
		HideSolutionNode = FALSE
	EndGlobalSection
	GlobalSection(ExtensibilityGlobals) = postSolution
		SolutionGuid = {6343E9D5-1400-4F8F-A773-D8ECDF30280A}
	EndGlobalSection
EndGlobal
