
Microsoft Visual Studio Solution File, Format Version 12.00
# Visual Studio Version 17
VisualStudioVersion = 17.14.36518.9 d17.14
MinimumVisualStudioVersion = 10.0.40219.1
Project("{8BC9CEB8-8B4A-11D0-8D11-00A0C91BC942}") = "fal_4.1", "fal_4.1.vcxproj", "{4CC46AE9-B463-40E7-9CAC-42042B78D2F6}"
EndProject
Global
	GlobalSection(SolutionConfigurationPlatforms) = preSolution
		Debug|x64 = Debug|x64
		Debug|x86 = Debug|x86
		Release|x64 = Release|x64
		Release|x86 = Release|x86
	EndGlobalSection
	GlobalSection(ProjectConfigurationPlatforms) = postSolution
		{4CC46AE9-B463-40E7-9CAC-42042B78D2F6}.Debug|x64.ActiveCfg = Debug|x64
		{4CC46AE9-B463-40E7-9CAC-42042B78D2F6}.Debug|x64.Build.0 = Debug|x64
		{4CC46AE9-B463-40E7-9CAC-42042B78D2F6}.Debug|x86.ActiveCfg = Debug|Win32
		{4CC46AE9-B463-40E7-9CAC-42042B78D2F6}.Debug|x86.Build.0 = Debug|Win32
		{4CC46AE9-B463-40E7-9CAC-42042B78D2F6}.Release|x64.ActiveCfg = Release|x64
		{4CC46AE9-B463-40E7-9CAC-42042B78D2F6}.Release|x64.Build.0 = Release|x64
		{4CC46AE9-B463-40E7-9CAC-42042B78D2F6}.Release|x86.ActiveCfg = Release|Win32
		{4CC46AE9-B463-40E7-9CAC-42042B78D2F6}.Release|x86.Build.0 = Release|Win32
	EndGlobalSection
	GlobalSection(SolutionProperties) = preSolution
		HideSolutionNode = FALSE
	EndGlobalSection
	GlobalSection(ExtensibilityGlobals) = postSolution
		SolutionGuid = {6DD901F8-B651-4423-9BEE-F05A3A986116}
	EndGlobalSection
EndGlobal
