
Microsoft Visual Studio Solution File, Format Version 12.00
# Visual Studio Version 17
VisualStudioVersion = 17.14.36518.9 d17.14
MinimumVisualStudioVersion = 10.0.40219.1
Project("{8BC9CEB8-8B4A-11D0-8D11-00A0C91BC942}") = "fal_1.20", "fal_1.20.vcxproj", "{ACD43794-05E3-4CBB-89D8-F7DB222BD99C}"
EndProject
Global
	GlobalSection(SolutionConfigurationPlatforms) = preSolution
		Debug|x64 = Debug|x64
		Debug|x86 = Debug|x86
		Release|x64 = Release|x64
		Release|x86 = Release|x86
	EndGlobalSection
	GlobalSection(ProjectConfigurationPlatforms) = postSolution
		{ACD43794-05E3-4CBB-89D8-F7DB222BD99C}.Debug|x64.ActiveCfg = Debug|x64
		{ACD43794-05E3-4CBB-89D8-F7DB222BD99C}.Debug|x64.Build.0 = Debug|x64
		{ACD43794-05E3-4CBB-89D8-F7DB222BD99C}.Debug|x86.ActiveCfg = Debug|Win32
		{ACD43794-05E3-4CBB-89D8-F7DB222BD99C}.Debug|x86.Build.0 = Debug|Win32
		{ACD43794-05E3-4CBB-89D8-F7DB222BD99C}.Release|x64.ActiveCfg = Release|x64
		{ACD43794-05E3-4CBB-89D8-F7DB222BD99C}.Release|x64.Build.0 = Release|x64
		{ACD43794-05E3-4CBB-89D8-F7DB222BD99C}.Release|x86.ActiveCfg = Release|Win32
		{ACD43794-05E3-4CBB-89D8-F7DB222BD99C}.Release|x86.Build.0 = Release|Win32
	EndGlobalSection
	GlobalSection(SolutionProperties) = preSolution
		HideSolutionNode = FALSE
	EndGlobalSection
	GlobalSection(ExtensibilityGlobals) = postSolution
		SolutionGuid = {780C9217-A877-40EC-9DBD-A5F139D22892}
	EndGlobalSection
EndGlobal
